
Microsoft Visual Studio Solution File, Format Version 12.00
# Visual Studio Version 17
VisualStudioVersion = 17.0.31903.59
MinimumVisualStudioVersion = 10.0.40219.1
Project("{2150E333-8FDC-42A3-9474-1A3956D46DE8}") = "src", "src", "{827E0CD3-B72D-47B6-A68D-7590B98EB39B}"
EndProject
Project("{FAE04EC0-301F-11D3-BF4B-00C04F79EFBC}") = "GymCoach.Domain", "src\GymCoach.Domain\GymCoach.Domain.csproj", "{BFEA4AD6-FD1B-44F2-A901-35250D07B4B3}"
EndProject
Project("{FAE04EC0-301F-11D3-BF4B-00C04F79EFBC}") = "GymCoach.Application", "src\GymCoach.Application\GymCoach.Application.csproj", "{9197211C-EF73-43A4-B68E-E331CC4F7BF6}"
EndProject
Project("{FAE04EC0-301F-11D3-BF4B-00C04F79EFBC}") = "GymCoach.TrainingEngine", "src\GymCoach.TrainingEngine\GymCoach.TrainingEngine.csproj", "{72046DE6-3BA9-4229-866A-E2574F886167}"
EndProject
Project("{FAE04EC0-301F-11D3-BF4B-00C04F79EFBC}") = "GymCoach.AI", "src\GymCoach.AI\GymCoach.AI.csproj", "{A588C0F1-7604-4F20-88CC-A6838067636D}"
EndProject
Project("{FAE04EC0-301F-11D3-BF4B-00C04F79EFBC}") = "GymCoach.Infrastructure", "src\GymCoach.Infrastructure\GymCoach.Infrastructure.csproj", "{92A46141-16E4-408D-A3A6-373EBB550A08}"
EndProject
Project("{FAE04EC0-301F-11D3-BF4B-00C04F79EFBC}") = "GymCoach.Api", "src\GymCoach.Api\GymCoach.Api.csproj", "{C0C3F5D2-38B4-42B6-9334-CCDD0FCEB69C}"
EndProject
Project("{FAE04EC0-301F-11D3-BF4B-00C04F79EFBC}") = "GymCoach.TrainingEngine.Tests", "tests\GymCoach.TrainingEngine.Tests\GymCoach.TrainingEngine.Tests.csproj", "{B83E01A7-E414-42FC-9B9E-AA3B52152057}"
EndProject
Project("{FAE04EC0-301F-11D3-BF4B-00C04F79EFBC}") = "GymCoach.Application.Tests", "tests\GymCoach.Application.Tests\GymCoach.Application.Tests.csproj", "{C186BF9D-9E7B-4566-8861-ACF7043413A4}"
EndProject
Project("{FAE04EC0-301F-11D3-BF4B-00C04F79EFBC}") = "GymCoach.Api.IntegrationTests", "tests\GymCoach.Api.IntegrationTests\GymCoach.Api.IntegrationTests.csproj", "{740ABB42-80F0-4839-9ABF-448A370485B7}"
EndProject
Global
	GlobalSection(SolutionConfigurationPlatforms) = preSolution
		Debug|Any CPU = Debug|Any CPU
		Debug|x64 = Debug|x64
		Debug|x86 = Debug|x86
		Release|Any CPU = Release|Any CPU
		Release|x64 = Release|x64
		Release|x86 = Release|x86
	EndGlobalSection
	GlobalSection(ProjectConfigurationPlatforms) = postSolution
		{BFEA4AD6-FD1B-44F2-A901-35250D07B4B3}.Debug|Any CPU.ActiveCfg = Debug|Any CPU
		{BFEA4AD6-FD1B-44F2-A901-35250D07B4B3}.Debug|Any CPU.Build.0 = Debug|Any CPU
		{BFEA4AD6-FD1B-44F2-A901-35250D07B4B3}.Debug|x64.ActiveCfg = Debug|Any CPU
		{BFEA4AD6-FD1B-44F2-A901-35250D07B4B3}.Debug|x64.Build.0 = Debug|Any CPU
		{BFEA4AD6-FD1B-44F2-A901-35250D07B4B3}.Debug|x86.ActiveCfg = Debug|Any CPU
		{BFEA4AD6-FD1B-44F2-A901-35250D07B4B3}.Debug|x86.Build.0 = Debug|Any CPU
		{BFEA4AD6-FD1B-44F2-A901-35250D07B4B3}.Release|Any CPU.ActiveCfg = Release|Any CPU
		{BFEA4AD6-FD1B-44F2-A901-35250D07B4B3}.Release|Any CPU.Build.0 = Release|Any CPU
		{BFEA4AD6-FD1B-44F2-A901-35250D07B4B3}.Release|x64.ActiveCfg = Release|Any CPU
		{BFEA4AD6-FD1B-44F2-A901-35250D07B4B3}.Release|x64.Build.0 = Release|Any CPU
		{BFEA4AD6-FD1B-44F2-A901-35250D07B4B3}.Release|x86.ActiveCfg = Release|Any CPU
		{BFEA4AD6-FD1B-44F2-A901-35250D07B4B3}.Release|x86.Build.0 = Release|Any CPU
		{9197211C-EF73-43A4-B68E-E331CC4F7BF6}.Debug|Any CPU.ActiveCfg = Debug|Any CPU
		{9197211C-EF73-43A4-B68E-E331CC4F7BF6}.Debug|Any CPU.Build.0 = Debug|Any CPU
		{9197211C-EF73-43A4-B68E-E331CC4F7BF6}.Debug|x64.ActiveCfg = Debug|Any CPU
		{9197211C-EF73-43A4-B68E-E331CC4F7BF6}.Debug|x64.Build.0 = Debug|Any CPU
		{9197211C-EF73-43A4-B68E-E331CC4F7BF6}.Debug|x86.ActiveCfg = Debug|Any CPU
		{9197211C-EF73-43A4-B68E-E331CC4F7BF6}.Debug|x86.Build.0 = Debug|Any CPU
		{9197211C-EF73-43A4-B68E-E331CC4F7BF6}.Release|Any CPU.ActiveCfg = Release|Any CPU
		{9197211C-EF73-43A4-B68E-E331CC4F7BF6}.Release|Any CPU.Build.0 = Release|Any CPU
		{9197211C-EF73-43A4-B68E-E331CC4F7BF6}.Release|x64.ActiveCfg = Release|Any CPU
		{9197211C-EF73-43A4-B68E-E331CC4F7BF6}.Release|x64.Build.0 = Release|Any CPU
		{9197211C-EF73-43A4-B68E-E331CC4F7BF6}.Release|x86.ActiveCfg = Release|Any CPU
		{9197211C-EF73-43A4-B68E-E331CC4F7BF6}.Release|x86.Build.0 = Release|Any CPU
		{72046DE6-3BA9-4229-866A-E2574F886167}.Debug|Any CPU.ActiveCfg = Debug|Any CPU
		{72046DE6-3BA9-4229-866A-E2574F886167}.Debug|Any CPU.Build.0 = Debug|Any CPU
		{72046DE6-3BA9-4229-866A-E2574F886167}.Debug|x64.ActiveCfg = Debug|Any CPU
		{72046DE6-3BA9-4229-866A-E2574F886167}.Debug|x64.Build.0 = Debug|Any CPU
		{72046DE6-3BA9-4229-866A-E2574F886167}.Debug|x86.ActiveCfg = Debug|Any CPU
		{72046DE6-3BA9-4229-866A-E2574F886167}.Debug|x86.Build.0 = Debug|Any CPU
		{72046DE6-3BA9-4229-866A-E2574F886167}.Release|Any CPU.ActiveCfg = Release|Any CPU
		{72046DE6-3BA9-4229-866A-E2574F886167}.Release|Any CPU.Build.0 = Release|Any CPU
		{72046DE6-3BA9-4229-866A-E2574F886167}.Release|x64.ActiveCfg = Release|Any CPU
		{72046DE6-3BA9-4229-866A-E2574F886167}.Release|x64.Build.0 = Release|Any CPU
		{72046DE6-3BA9-4229-866A-E2574F886167}.Release|x86.ActiveCfg = Release|Any CPU
		{72046DE6-3BA9-4229-866A-E2574F886167}.Release|x86.Build.0 = Release|Any CPU
		{A588C0F1-7604-4F20-88CC-A6838067636D}.Debug|Any CPU.ActiveCfg = Debug|Any CPU
		{A588C0F1-7604-4F20-88CC-A6838067636D}.Debug|Any CPU.Build.0 = Debug|Any CPU
		{A588C0F1-7604-4F20-88CC-A6838067636D}.Debug|x64.ActiveCfg = Debug|Any CPU
		{A588C0F1-7604-4F20-88CC-A6838067636D}.Debug|x64.Build.0 = Debug|Any CPU
		{A588C0F1-7604-4F20-88CC-A6838067636D}.Debug|x86.ActiveCfg = Debug|Any CPU
		{A588C0F1-7604-4F20-88CC-A6838067636D}.Debug|x86.Build.0 = Debug|Any CPU
		{A588C0F1-7604-4F20-88CC-A6838067636D}.Release|Any CPU.ActiveCfg = Release|Any CPU
		{A588C0F1-7604-4F20-88CC-A6838067636D}.Release|Any CPU.Build.0 = Release|Any CPU
		{A588C0F1-7604-4F20-88CC-A6838067636D}.Release|x64.ActiveCfg = Release|Any CPU
		{A588C0F1-7604-4F20-88CC-A6838067636D}.Release|x64.Build.0 = Release|Any CPU
		{A588C0F1-7604-4F20-88CC-A6838067636D}.Release|x86.ActiveCfg = Release|Any CPU
		{A588C0F1-7604-4F20-88CC-A6838067636D}.Release|x86.Build.0 = Release|Any CPU
		{92A46141-16E4-408D-A3A6-373EBB550A08}.Debug|Any CPU.ActiveCfg = Debug|Any CPU
		{92A46141-16E4-408D-A3A6-373EBB550A08}.Debug|Any CPU.Build.0 = Debug|Any CPU
		{92A46141-16E4-408D-A3A6-373EBB550A08}.Debug|x64.ActiveCfg = Debug|Any CPU
		{92A46141-16E4-408D-A3A6-373EBB550A08}.Debug|x64.Build.0 = Debug|Any CPU
		{92A46141-16E4-408D-A3A6-373EBB550A08}.Debug|x86.ActiveCfg = Debug|Any CPU
		{92A46141-16E4-408D-A3A6-373EBB550A08}.Debug|x86.Build.0 = Debug|Any CPU
		{92A46141-16E4-408D-A3A6-373EBB550A08}.Release|Any CPU.ActiveCfg = Release|Any CPU
		{92A46141-16E4-408D-A3A6-373EBB550A08}.Release|Any CPU.Build.0 = Release|Any CPU
		{92A46141-16E4-408D-A3A6-373EBB550A08}.Release|x64.ActiveCfg = Release|Any CPU
		{92A46141-16E4-408D-A3A6-373EBB550A08}.Release|x64.Build.0 = Release|Any CPU
		{92A46141-16E4-408D-A3A6-373EBB550A08}.Release|x86.ActiveCfg = Release|Any CPU
		{92A46141-16E4-408D-A3A6-373EBB550A08}.Release|x86.Build.0 = Release|Any CPU
		{C0C3F5D2-38B4-42B6-9334-CCDD0FCEB69C}.Debug|Any CPU.ActiveCfg = Debug|Any CPU
		{C0C3F5D2-38B4-42B6-9334-CCDD0FCEB69C}.Debug|Any CPU.Build.0 = Debug|Any CPU
		{C0C3F5D2-38B4-42B6-9334-CCDD0FCEB69C}.Debug|x64.ActiveCfg = Debug|Any CPU
		{C0C3F5D2-38B4-42B6-9334-CCDD0FCEB69C}.Debug|x64.Build.0 = Debug|Any CPU
		{C0C3F5D2-38B4-42B6-9334-CCDD0FCEB69C}.Debug|x86.ActiveCfg = Debug|Any CPU
		{C0C3F5D2-38B4-42B6-9334-CCDD0FCEB69C}.Debug|x86.Build.0 = Debug|Any CPU
		{C0C3F5D2-38B4-42B6-9334-CCDD0FCEB69C}.Release|Any CPU.ActiveCfg = Release|Any CPU
		{C0C3F5D2-38B4-42B6-9334-CCDD0FCEB69C}.Release|Any CPU.Build.0 = Release|Any CPU
		{C0C3F5D2-38B4-42B6-9334-CCDD0FCEB69C}.Release|x64.ActiveCfg = Release|Any CPU
		{C0C3F5D2-38B4-42B6-9334-CCDD0FCEB69C}.Release|x64.Build.0 = Release|Any CPU
		{C0C3F5D2-38B4-42B6-9334-CCDD0FCEB69C}.Release|x86.ActiveCfg = Release|Any CPU
		{C0C3F5D2-38B4-42B6-9334-CCDD0FCEB69C}.Release|x86.Build.0 = Release|Any CPU
		{B83E01A7-E414-42FC-9B9E-AA3B52152057}.Debug|Any CPU.ActiveCfg = Debug|Any CPU
		{B83E01A7-E414-42FC-9B9E-AA3B52152057}.Debug|Any CPU.Build.0 = Debug|Any CPU
		{B83E01A7-E414-42FC-9B9E-AA3B52152057}.Debug|x64.ActiveCfg = Debug|Any CPU
		{B83E01A7-E414-42FC-9B9E-AA3B52152057}.Debug|x64.Build.0 = Debug|Any CPU
		{B83E01A7-E414-42FC-9B9E-AA3B52152057}.Debug|x86.ActiveCfg = Debug|Any CPU
		{B83E01A7-E414-42FC-9B9E-AA3B52152057}.Debug|x86.Build.0 = Debug|Any CPU
		{B83E01A7-E414-42FC-9B9E-AA3B52152057}.Release|Any CPU.ActiveCfg = Release|Any CPU
		{B83E01A7-E414-42FC-9B9E-AA3B52152057}.Release|Any CPU.Build.0 = Release|Any CPU
		{B83E01A7-E414-42FC-9B9E-AA3B52152057}.Release|x64.ActiveCfg = Release|Any CPU
		{B83E01A7-E414-42FC-9B9E-AA3B52152057}.Release|x64.Build.0 = Release|Any CPU
		{B83E01A7-E414-42FC-9B9E-AA3B52152057}.Release|x86.ActiveCfg = Release|Any CPU
		{B83E01A7-E414-42FC-9B9E-AA3B52152057}.Release|x86.Build.0 = Release|Any CPU
		{C186BF9D-9E7B-4566-8861-ACF7043413A4}.Debug|Any CPU.ActiveCfg = Debug|Any CPU
		{C186BF9D-9E7B-4566-8861-ACF7043413A4}.Debug|Any CPU.Build.0 = Debug|Any CPU
		{C186BF9D-9E7B-4566-8861-ACF7043413A4}.Debug|x64.ActiveCfg = Debug|Any CPU
		{C186BF9D-9E7B-4566-8861-ACF7043413A4}.Debug|x64.Build.0 = Debug|Any CPU
		{C186BF9D-9E7B-4566-8861-ACF7043413A4}.Debug|x86.ActiveCfg = Debug|Any CPU
		{C186BF9D-9E7B-4566-8861-ACF7043413A4}.Debug|x86.Build.0 = Debug|Any CPU
		{C186BF9D-9E7B-4566-8861-ACF7043413A4}.Release|Any CPU.ActiveCfg = Release|Any CPU
		{C186BF9D-9E7B-4566-8861-ACF7043413A4}.Release|Any CPU.Build.0 = Release|Any CPU
		{C186BF9D-9E7B-4566-8861-ACF7043413A4}.Release|x64.ActiveCfg = Release|Any CPU
		{C186BF9D-9E7B-4566-8861-ACF7043413A4}.Release|x64.Build.0 = Release|Any CPU
		{C186BF9D-9E7B-4566-8861-ACF7043413A4}.Release|x86.ActiveCfg = Release|Any CPU
		{C186BF9D-9E7B-4566-8861-ACF7043413A4}.Release|x86.Build.0 = Release|Any CPU
		{740ABB42-80F0-4839-9ABF-448A370485B7}.Debug|Any CPU.ActiveCfg = Debug|Any CPU
		{740ABB42-80F0-4839-9ABF-448A370485B7}.Debug|Any CPU.Build.0 = Debug|Any CPU
		{740ABB42-80F0-4839-9ABF-448A370485B7}.Debug|x64.ActiveCfg = Debug|Any CPU
		{740ABB42-80F0-4839-9ABF-448A370485B7}.Debug|x64.Build.0 = Debug|Any CPU
		{740ABB42-80F0-4839-9ABF-448A370485B7}.Debug|x86.ActiveCfg = Debug|Any CPU
		{740ABB42-80F0-4839-9ABF-448A370485B7}.Debug|x86.Build.0 = Debug|Any CPU
		{740ABB42-80F0-4839-9ABF-448A370485B7}.Release|Any CPU.ActiveCfg = Release|Any CPU
		{740ABB42-80F0-4839-9ABF-448A370485B7}.Release|Any CPU.Build.0 = Release|Any CPU
		{740ABB42-80F0-4839-9ABF-448A370485B7}.Release|x64.ActiveCfg = Release|Any CPU
		{740ABB42-80F0-4839-9ABF-448A370485B7}.Release|x64.Build.0 = Release|Any CPU
		{740ABB42-80F0-4839-9ABF-448A370485B7}.Release|x86.ActiveCfg = Release|Any CPU
		{740ABB42-80F0-4839-9ABF-448A370485B7}.Release|x86.Build.0 = Release|Any CPU
	EndGlobalSection
	GlobalSection(SolutionProperties) = preSolution
		HideSolutionNode = FALSE
	EndGlobalSection
	GlobalSection(NestedProjects) = preSolution
		{BFEA4AD6-FD1B-44F2-A901-35250D07B4B3} = {827E0CD3-B72D-47B6-A68D-7590B98EB39B}
		{9197211C-EF73-43A4-B68E-E331CC4F7BF6} = {827E0CD3-B72D-47B6-A68D-7590B98EB39B}
		{72046DE6-3BA9-4229-866A-E2574F886167} = {827E0CD3-B72D-47B6-A68D-7590B98EB39B}
		{A588C0F1-7604-4F20-88CC-A6838067636D} = {827E0CD3-B72D-47B6-A68D-7590B98EB39B}
		{92A46141-16E4-408D-A3A6-373EBB550A08} = {827E0CD3-B72D-47B6-A68D-7590B98EB39B}
		{C0C3F5D2-38B4-42B6-9334-CCDD0FCEB69C} = {827E0CD3-B72D-47B6-A68D-7590B98EB39B}
		{B83E01A7-E414-42FC-9B9E-AA3B52152057} = {827E0CD3-B72D-47B6-A68D-7590B98EB39B}
		{C186BF9D-9E7B-4566-8861-ACF7043413A4} = {827E0CD3-B72D-47B6-A68D-7590B98EB39B}
		{740ABB42-80F0-4839-9ABF-448A370485B7} = {827E0CD3-B72D-47B6-A68D-7590B98EB39B}
	EndGlobalSection
EndGlobal
